# THIS IS AN AUTOGENERATED FILE. DO NOT EDIT THIS FILE DIRECTLY.
# yarn lockfile v1


pjs@*:
  version "5.1.2"
  resolved "https://registry.yarnpkg.com/pjs/-/pjs-5.1.2.tgz#856be7e0f3276604a055c52479ec7437c8a9255f"

redux-thunk@^2.3.0:
  version "2.3.0"
  resolved "https://registry.yarnpkg.com/redux-thunk/-/redux-thunk-2.3.0.tgz#51c2c19a185ed5187aaa9a2d08b666d0d6467622"

thunk@^0.0.1:
  version "0.0.1"
  resolved "http://registry.npmjs.org/thunk/-/thunk-0.0.1.tgz#6575b00ba36ff4c6c5edf84f923212239a0a7c37"
  dependencies:
    pjs "*"
